// !$*UTF8*$!
{
	archiveVersion = 1;
	classes = {
	};
	objectVersion = 55;
	objects = {

/* Begin PBXBuildFile section */
		5D87B97E287C350400C1403A /* AppDelegate.swift in Sources */ = {isa = PBXBuildFile; fileRef = 5D87B97D287C350400C1403A /* AppDelegate.swift */; };
		5D87B980287C350400C1403A /* SceneDelegate.swift in Sources */ = {isa = PBXBuildFile; fileRef = 5D87B97F287C350400C1403A /* SceneDelegate.swift */; };
		5D87B982287C350400C1403A /* ReminderViewController.swift in Sources */ = {isa = PBXBuildFile; fileRef = 5D87B981287C350400C1403A /* ReminderViewController.swift */; };
		5D87B985287C350400C1403A /* Main.storyboard in Resources */ = {isa = PBXBuildFile; fileRef = 5D87B983287C350400C1403A /* Main.storyboard */; };
		5D87B987287C350700C1403A /* Assets.xcassets in Resources */ = {isa = PBXBuildFile; fileRef = 5D87B986287C350700C1403A /* Assets.xcassets */; };
		5D87B98A287C350700C1403A /* LaunchScreen.storyboard in Resources */ = {isa = PBXBuildFile; fileRef = 5D87B988287C350700C1403A /* LaunchScreen.storyboard */; };
		5D87B992287C391C00C1403A /* AddReminderViewController.swift in Sources */ = {isa = PBXBuildFile; fileRef = 5D87B991287C391C00C1403A /* AddReminderViewController.swift */; };
		5D87B994287C3F8C00C1403A /* Reminder.swift in Sources */ = {isa = PBXBuildFile; fileRef = 5D87B993287C3F8C00C1403A /* Reminder.swift */; };
		5D87B996287C471900C1403A /* ReminderViewController+TableView.swift in Sources */ = {isa = PBXBuildFile; fileRef = 5D87B995287C471900C1403A /* ReminderViewController+TableView.swift */; };
		5D87B998287C47BB00C1403A /* AddReminderViewController+TextField.swift in Sources */ = {isa = PBXBuildFile; fileRef = 5D87B997287C47BB00C1403A /* AddReminderViewController+TextField.swift */; };
		5DDB2586287D2E7000F81B63 /* ReminderEntity.xcdatamodeld in Sources */ = {isa = PBXBuildFile; fileRef = 5DDB2584287D2E7000F81B63 /* ReminderEntity.xcdatamodeld */; };
		5DDB258D287D30F900F81B63 /* ReminderDataRespository.swift in Sources */ = {isa = PBXBuildFile; fileRef = 5DDB258C287D30F900F81B63 /* ReminderDataRespository.swift */; };
		5DDB258F287D33A800F81B63 /* PersistentStorage.swift in Sources */ = {isa = PBXBuildFile; fileRef = 5DDB258E287D33A800F81B63 /* PersistentStorage.swift */; };
		5DDB2591287D46B700F81B63 /* ReminderManager.swift in Sources */ = {isa = PBXBuildFile; fileRef = 5DDB2590287D46B700F81B63 /* ReminderManager.swift */; };
		5DDB2594287D4C8B00F81B63 /* ReminderEntity+CoreDataClass.swift in Sources */ = {isa = PBXBuildFile; fileRef = 5DDB2592287D4C8B00F81B63 /* ReminderEntity+CoreDataClass.swift */; };
		5DDB2595287D4C8B00F81B63 /* ReminderEntity+CoreDataProperties.swift in Sources */ = {isa = PBXBuildFile; fileRef = 5DDB2593287D4C8B00F81B63 /* ReminderEntity+CoreDataProperties.swift */; };
		5DDB259A287D57ED00F81B63 /* InfoView.swift in Sources */ = {isa = PBXBuildFile; fileRef = 5DDB2599287D57ED00F81B63 /* InfoView.swift */; };
/* End PBXBuildFile section */

/* Begin PBXFileReference section */
		5D87B97A287C350400C1403A /* Reminder.app */ = {isa = PBXFileReference; explicitFileType = wrapper.application; includeInIndex = 0; path = Reminder.app; sourceTree = BUILT_PRODUCTS_DIR; };
		5D87B97D287C350400C1403A /* AppDelegate.swift */ = {isa = PBXFileReference; lastKnownFileType = sourcecode.swift; path = AppDelegate.swift; sourceTree = "<group>"; };
		5D87B97F287C350400C1403A /* SceneDelegate.swift */ = {isa = PBXFileReference; lastKnownFileType = sourcecode.swift; path = SceneDelegate.swift; sourceTree = "<group>"; };
		5D87B981287C350400C1403A /* ReminderViewController.swift */ = {isa = PBXFileReference; lastKnownFileType = sourcecode.swift; path = ReminderViewController.swift; sourceTree = "<group>"; };
		5D87B984287C350400C1403A /* Base */ = {isa = PBXFileReference; lastKnownFileType = file.storyboard; name = Base; path = Base.lproj/Main.storyboard; sourceTree = "<group>"; };
		5D87B986287C350700C1403A /* Assets.xcassets */ = {isa = PBXFileReference; lastKnownFileType = folder.assetcatalog; path = Assets.xcassets; sourceTree = "<group>"; };
		5D87B989287C350700C1403A /* Base */ = {isa = PBXFileReference; lastKnownFileType = file.storyboard; name = Base; path = Base.lproj/LaunchScreen.storyboard; sourceTree = "<group>"; };
		5D87B98B287C350700C1403A /* Info.plist */ = {isa = PBXFileReference; lastKnownFileType = text.plist.xml; path = Info.plist; sourceTree = "<group>"; };
		5D87B991287C391C00C1403A /* AddReminderViewController.swift */ = {isa = PBXFileReference; lastKnownFileType = sourcecode.swift; path = AddReminderViewController.swift; sourceTree = "<group>"; };
		5D87B993287C3F8C00C1403A /* Reminder.swift */ = {isa = PBXFileReference; lastKnownFileType = sourcecode.swift; path = Reminder.swift; sourceTree = "<group>"; };
		5D87B995287C471900C1403A /* ReminderViewController+TableView.swift */ = {isa = PBXFileReference; lastKnownFileType = sourcecode.swift; path = "ReminderViewController+TableView.swift"; sourceTree = "<group>"; };
		5D87B997287C47BB00C1403A /* AddReminderViewController+TextField.swift */ = {isa = PBXFileReference; lastKnownFileType = sourcecode.swift; path = "AddReminderViewController+TextField.swift"; sourceTree = "<group>"; };
		5DDB2585287D2E7000F81B63 /* ReminderDataModel.xcdatamodel */ = {isa = PBXFileReference; lastKnownFileType = wrapper.xcdatamodel; path = ReminderDataModel.xcdatamodel; sourceTree = "<group>"; };
		5DDB258C287D30F900F81B63 /* ReminderDataRespository.swift */ = {isa = PBXFileReference; lastKnownFileType = sourcecode.swift; path = ReminderDataRespository.swift; sourceTree = "<group>"; };
		5DDB258E287D33A800F81B63 /* PersistentStorage.swift */ = {isa = PBXFileReference; lastKnownFileType = sourcecode.swift; path = PersistentStorage.swift; sourceTree = "<group>"; };
		5DDB2590287D46B700F81B63 /* ReminderManager.swift */ = {isa = PBXFileReference; lastKnownFileType = sourcecode.swift; path = ReminderManager.swift; sourceTree = "<group>"; };
		5DDB2592287D4C8B00F81B63 /* ReminderEntity+CoreDataClass.swift */ = {isa = PBXFileReference; lastKnownFileType = sourcecode.swift; path = "ReminderEntity+CoreDataClass.swift"; sourceTree = "<group>"; };
		5DDB2593287D4C8B00F81B63 /* ReminderEntity+CoreDataProperties.swift */ = {isa = PBXFileReference; lastKnownFileType = sourcecode.swift; path = "ReminderEntity+CoreDataProperties.swift"; sourceTree = "<group>"; };
		5DDB2599287D57ED00F81B63 /* InfoView.swift */ = {isa = PBXFileReference; lastKnownFileType = sourcecode.swift; path = InfoView.swift; sourceTree = "<group>"; };
/* End PBXFileReference section */

/* Begin PBXFrameworksBuildPhase section */
		5D87B977287C350400C1403A /* Frameworks */ = {
			isa = PBXFrameworksBuildPhase;
			buildActionMask = 2147483647;
			files = (
			);
			runOnlyForDeploymentPostprocessing = 0;
		};
/* End PBXFrameworksBuildPhase section */

/* Begin PBXGroup section */
		5D87B971287C350400C1403A = {
			isa = PBXGroup;
			children = (
				5D87B97C287C350400C1403A /* Reminder */,
				5D87B97B287C350400C1403A /* Products */,
			);
			sourceTree = "<group>";
		};
		5D87B97B287C350400C1403A /* Products */ = {
			isa = PBXGroup;
			children = (
				5D87B97A287C350400C1403A /* Reminder.app */,
			);
			name = Products;
			sourceTree = "<group>";
		};
		5D87B97C287C350400C1403A /* Reminder */ = {
			isa = PBXGroup;
			children = (
				5DDB2598287D57BC00F81B63 /* ReusableComponents */,
				5DDB2597287D526000F81B63 /* Repository */,
				5DDB2596287D523300F81B63 /* Managers */,
				5DDB258B287D304F00F81B63 /* ReminderEntity */,
				5D87B99E287C481200C1403A /* Storyboard */,
				5D87B99B287C47EA00C1403A /* ViewController */,
				5D87B99A287C47DC00C1403A /* Resources */,
				5D87B999287C47D500C1403A /* Model */,
				5D87B98B287C350700C1403A /* Info.plist */,
			);
			path = Reminder;
			sourceTree = "<group>";
		};
		5D87B999287C47D500C1403A /* Model */ = {
			isa = PBXGroup;
			children = (
				5DDB2584287D2E7000F81B63 /* ReminderEntity.xcdatamodeld */,
				5D87B993287C3F8C00C1403A /* Reminder.swift */,
			);
			path = Model;
			sourceTree = "<group>";
		};
		5D87B99A287C47DC00C1403A /* Resources */ = {
			isa = PBXGroup;
			children = (
				5D87B986287C350700C1403A /* Assets.xcassets */,
				5D87B97D287C350400C1403A /* AppDelegate.swift */,
				5D87B97F287C350400C1403A /* SceneDelegate.swift */,
				5DDB258E287D33A800F81B63 /* PersistentStorage.swift */,
			);
			path = Resources;
			sourceTree = "<group>";
		};
		5D87B99B287C47EA00C1403A /* ViewController */ = {
			isa = PBXGroup;
			children = (
				5D87B99D287C480000C1403A /* AddReminder */,
				5D87B99C287C47F400C1403A /* Reminder */,
			);
			path = ViewController;
			sourceTree = "<group>";
		};
		5D87B99C287C47F400C1403A /* Reminder */ = {
			isa = PBXGroup;
			children = (
				5D87B981287C350400C1403A /* ReminderViewController.swift */,
				5D87B995287C471900C1403A /* ReminderViewController+TableView.swift */,
			);
			path = Reminder;
			sourceTree = "<group>";
		};
		5D87B99D287C480000C1403A /* AddReminder */ = {
			isa = PBXGroup;
			children = (
				5D87B997287C47BB00C1403A /* AddReminderViewController+TextField.swift */,
				5D87B991287C391C00C1403A /* AddReminderViewController.swift */,
			);
			path = AddReminder;
			sourceTree = "<group>";
		};
		5D87B99E287C481200C1403A /* Storyboard */ = {
			isa = PBXGroup;
			children = (
				5D87B983287C350400C1403A /* Main.storyboard */,
				5D87B988287C350700C1403A /* LaunchScreen.storyboard */,
			);
			path = Storyboard;
			sourceTree = "<group>";
		};
		5DDB258B287D304F00F81B63 /* ReminderEntity */ = {
			isa = PBXGroup;
			children = (
				5DDB2592287D4C8B00F81B63 /* ReminderEntity+CoreDataClass.swift */,
				5DDB2593287D4C8B00F81B63 /* ReminderEntity+CoreDataProperties.swift */,
			);
			path = ReminderEntity;
			sourceTree = "<group>";
		};
		5DDB2596287D523300F81B63 /* Managers */ = {
			isa = PBXGroup;
			children = (
				5DDB2590287D46B700F81B63 /* ReminderManager.swift */,
			);
			path = Managers;
			sourceTree = "<group>";
		};
		5DDB2597287D526000F81B63 /* Repository */ = {
			isa = PBXGroup;
			children = (
				5DDB258C287D30F900F81B63 /* ReminderDataRespository.swift */,
			);
			path = Repository;
			sourceTree = "<group>";
		};
		5DDB2598287D57BC00F81B63 /* ReusableComponents */ = {
			isa = PBXGroup;
			children = (
				5DDB2599287D57ED00F81B63 /* InfoView.swift */,
			);
			path = ReusableComponents;
			sourceTree = "<group>";
		};
/* End PBXGroup section */

/* Begin PBXNativeTarget section */
		5D87B979287C350400C1403A /* Reminder */ = {
			isa = PBXNativeTarget;
			buildConfigurationList = 5D87B98E287C350700C1403A /* Build configuration list for PBXNativeTarget "Reminder" */;
			buildPhases = (
				5D87B976287C350400C1403A /* Sources */,
				5D87B977287C350400C1403A /* Frameworks */,
				5D87B978287C350400C1403A /* Resources */,
			);
			buildRules = (
			);
			dependencies = (
			);
			name = Reminder;
			productName = Reminder;
			productReference = 5D87B97A287C350400C1403A /* Reminder.app */;
			productType = "com.apple.product-type.application";
		};
/* End PBXNativeTarget section */

/* Begin PBXProject section */
		5D87B972287C350400C1403A /* Project object */ = {
			isa = PBXProject;
			attributes = {
				BuildIndependentTargetsInParallel = 1;
				LastSwiftUpdateCheck = 1320;
				LastUpgradeCheck = 1320;
				TargetAttributes = {
					5D87B979287C350400C1403A = {
						CreatedOnToolsVersion = 13.2.1;
					};
				};
			};
			buildConfigurationList = 5D87B975287C350400C1403A /* Build configuration list for PBXProject "Reminder" */;
			compatibilityVersion = "Xcode 13.0";
			developmentRegion = en;
			hasScannedForEncodings = 0;
			knownRegions = (
				en,
				Base,
			);
			mainGroup = 5D87B971287C350400C1403A;
			productRefGroup = 5D87B97B287C350400C1403A /* Products */;
			projectDirPath = "";
			projectRoot = "";
			targets = (
				5D87B979287C350400C1403A /* Reminder */,
			);
		};
/* End PBXProject section */

/* Begin PBXResourcesBuildPhase section */
		5D87B978287C350400C1403A /* Resources */ = {
			isa = PBXResourcesBuildPhase;
			buildActionMask = 2147483647;
			files = (
				5D87B98A287C350700C1403A /* LaunchScreen.storyboard in Resources */,
				5D87B987287C350700C1403A /* Assets.xcassets in Resources */,
				5D87B985287C350400C1403A /* Main.storyboard in Resources */,
			);
			runOnlyForDeploymentPostprocessing = 0;
		};
/* End PBXResourcesBuildPhase section */

/* Begin PBXSourcesBuildPhase section */
		5D87B976287C350400C1403A /* Sources */ = {
			isa = PBXSourcesBuildPhase;
			buildActionMask = 2147483647;
			files = (
				5DDB258F287D33A800F81B63 /* PersistentStorage.swift in Sources */,
				5DDB2595287D4C8B00F81B63 /* ReminderEntity+CoreDataProperties.swift in Sources */,
				5DDB258D287D30F900F81B63 /* ReminderDataRespository.swift in Sources */,
				5D87B998287C47BB00C1403A /* AddReminderViewController+TextField.swift in Sources */,
				5DDB2591287D46B700F81B63 /* ReminderManager.swift in Sources */,
				5DDB2594287D4C8B00F81B63 /* ReminderEntity+CoreDataClass.swift in Sources */,
				5DDB259A287D57ED00F81B63 /* InfoView.swift in Sources */,
				5D87B982287C350400C1403A /* ReminderViewController.swift in Sources */,
				5D87B97E287C350400C1403A /* AppDelegate.swift in Sources */,
				5D87B996287C471900C1403A /* ReminderViewController+TableView.swift in Sources */,
				5D87B992287C391C00C1403A /* AddReminderViewController.swift in Sources */,
				5D87B980287C350400C1403A /* SceneDelegate.swift in Sources */,
				5D87B994287C3F8C00C1403A /* Reminder.swift in Sources */,
				5DDB2586287D2E7000F81B63 /* ReminderEntity.xcdatamodeld in Sources */,
			);
			runOnlyForDeploymentPostprocessing = 0;
		};
/* End PBXSourcesBuildPhase section */

/* Begin PBXVariantGroup section */
		5D87B983287C350400C1403A /* Main.storyboard */ = {
			isa = PBXVariantGroup;
			children = (
				5D87B984287C350400C1403A /* Base */,
			);
			name = Main.storyboard;
			sourceTree = "<group>";
		};
		5D87B988287C350700C1403A /* LaunchScreen.storyboard */ = {
			isa = PBXVariantGroup;
			children = (
				5D87B989287C350700C1403A /* Base */,
			);
			name = LaunchScreen.storyboard;
			sourceTree = "<group>";
		};
/* End PBXVariantGroup section */

/* Begin XCBuildConfiguration section */
		5D87B98C287C350700C1403A /* Debug */ = {
			isa = XCBuildConfiguration;
			buildSettings = {
				ALWAYS_SEARCH_USER_PATHS = NO;
				CLANG_ANALYZER_NONNULL = YES;
				CLANG_ANALYZER_NUMBER_OBJECT_CONVERSION = YES_AGGRESSIVE;
				CLANG_CXX_LANGUAGE_STANDARD = "gnu++17";
				CLANG_CXX_LIBRARY = "libc++";
				CLANG_ENABLE_MODULES = YES;
				CLANG_ENABLE_OBJC_ARC = YES;
				CLANG_ENABLE_OBJC_WEAK = YES;
				CLANG_WARN_BLOCK_CAPTURE_AUTORELEASING = YES;
				CLANG_WARN_BOOL_CONVERSION = YES;
				CLANG_WARN_COMMA = YES;
				CLANG_WARN_CONSTANT_CONVERSION = YES;
				CLANG_WARN_DEPRECATED_OBJC_IMPLEMENTATIONS = YES;
				CLANG_WARN_DIRECT_OBJC_ISA_USAGE = YES_ERROR;
				CLANG_WARN_DOCUMENTATION_COMMENTS = YES;
				CLANG_WARN_EMPTY_BODY = YES;
				CLANG_WARN_ENUM_CONVERSION = YES;
				CLANG_WARN_INFINITE_RECURSION = YES;
				CLANG_WARN_INT_CONVERSION = YES;
				CLANG_WARN_NON_LITERAL_NULL_CONVERSION = YES;
				CLANG_WARN_OBJC_IMPLICIT_RETAIN_SELF = YES;
				CLANG_WARN_OBJC_LITERAL_CONVERSION = YES;
				CLANG_WARN_OBJC_ROOT_CLASS = YES_ERROR;
				CLANG_WARN_QUOTED_INCLUDE_IN_FRAMEWORK_HEADER = YES;
				CLANG_WARN_RANGE_LOOP_ANALYSIS = YES;
				CLANG_WARN_STRICT_PROTOTYPES = YES;
				CLANG_WARN_SUSPICIOUS_MOVE = YES;
				CLANG_WARN_UNGUARDED_AVAILABILITY = YES_AGGRESSIVE;
				CLANG_WARN_UNREACHABLE_CODE = YES;
				CLANG_WARN__DUPLICATE_METHOD_MATCH = YES;
				COPY_PHASE_STRIP = NO;
				DEBUG_INFORMATION_FORMAT = dwarf;
				ENABLE_STRICT_OBJC_MSGSEND = YES;
				ENABLE_TESTABILITY = YES;
				GCC_C_LANGUAGE_STANDARD = gnu11;
				GCC_DYNAMIC_NO_PIC = NO;
				GCC_NO_COMMON_BLOCKS = YES;
				GCC_OPTIMIZATION_LEVEL = 0;
				GCC_PREPROCESSOR_DEFINITIONS = (
					"DEBUG=1",
					"$(inherited)",
				);
				GCC_WARN_64_TO_32_BIT_CONVERSION = YES;
				GCC_WARN_ABOUT_RETURN_TYPE = YES_ERROR;
				GCC_WARN_UNDECLARED_SELECTOR = YES;
				GCC_WARN_UNINITIALIZED_AUTOS = YES_AGGRESSIVE;
				GCC_WARN_UNUSED_FUNCTION = YES;
				GCC_WARN_UNUSED_VARIABLE = YES;
				IPHONEOS_DEPLOYMENT_TARGET = 15.2;
				MTL_ENABLE_DEBUG_INFO = INCLUDE_SOURCE;
				MTL_FAST_MATH = YES;
				ONLY_ACTIVE_ARCH = YES;
				SDKROOT = iphoneos;
				SWIFT_ACTIVE_COMPILATION_CONDITIONS = DEBUG;
				SWIFT_OPTIMIZATION_LEVEL = "-Onone";
			};
			name = Debug;
		};
		5D87B98D287C350700C1403A /* Release */ = {
			isa = XCBuildConfiguration;
			buildSettings = {
				ALWAYS_SEARCH_USER_PATHS = NO;
				CLANG_ANALYZER_NONNULL = YES;
				CLANG_ANALYZER_NUMBER_OBJECT_CONVERSION = YES_AGGRESSIVE;
				CLANG_CXX_LANGUAGE_STANDARD = "gnu++17";
				CLANG_CXX_LIBRARY = "libc++";
				CLANG_ENABLE_MODULES = YES;
				CLANG_ENABLE_OBJC_ARC = YES;
				CLANG_ENABLE_OBJC_WEAK = YES;
				CLANG_WARN_BLOCK_CAPTURE_AUTORELEASING = YES;
				CLANG_WARN_BOOL_CONVERSION = YES;
				CLANG_WARN_COMMA = YES;
				CLANG_WARN_CONSTANT_CONVERSION = YES;
				CLANG_WARN_DEPRECATED_OBJC_IMPLEMENTATIONS = YES;
				CLANG_WARN_DIRECT_OBJC_ISA_USAGE = YES_ERROR;
				CLANG_WARN_DOCUMENTATION_COMMENTS = YES;
				CLANG_WARN_EMPTY_BODY = YES;
				CLANG_WARN_ENUM_CONVERSION = YES;
				CLANG_WARN_INFINITE_RECURSION = YES;
				CLANG_WARN_INT_CONVERSION = YES;
				CLANG_WARN_NON_LITERAL_NULL_CONVERSION = YES;
				CLANG_WARN_OBJC_IMPLICIT_RETAIN_SELF = YES;
				CLANG_WARN_OBJC_LITERAL_CONVERSION = YES;
				CLANG_WARN_OBJC_ROOT_CLASS = YES_ERROR;
				CLANG_WARN_QUOTED_INCLUDE_IN_FRAMEWORK_HEADER = YES;
				CLANG_WARN_RANGE_LOOP_ANALYSIS = YES;
				CLANG_WARN_STRICT_PROTOTYPES = YES;
				CLANG_WARN_SUSPICIOUS_MOVE = YES;
				CLANG_WARN_UNGUARDED_AVAILABILITY = YES_AGGRESSIVE;
				CLANG_WARN_UNREACHABLE_CODE = YES;
				CLANG_WARN__DUPLICATE_METHOD_MATCH = YES;
				COPY_PHASE_STRIP = NO;
				DEBUG_INFORMATION_FORMAT = "dwarf-with-dsym";
				ENABLE_NS_ASSERTIONS = NO;
				ENABLE_STRICT_OBJC_MSGSEND = YES;
				GCC_C_LANGUAGE_STANDARD = gnu11;
				GCC_NO_COMMON_BLOCKS = YES;
				GCC_WARN_64_TO_32_BIT_CONVERSION = YES;
				GCC_WARN_ABOUT_RETURN_TYPE = YES_ERROR;
				GCC_WARN_UNDECLARED_SELECTOR = YES;
				GCC_WARN_UNINITIALIZED_AUTOS = YES_AGGRESSIVE;
				GCC_WARN_UNUSED_FUNCTION = YES;
				GCC_WARN_UNUSED_VARIABLE = YES;
				IPHONEOS_DEPLOYMENT_TARGET = 15.2;
				MTL_ENABLE_DEBUG_INFO = NO;
				MTL_FAST_MATH = YES;
				SDKROOT = iphoneos;
				SWIFT_COMPILATION_MODE = wholemodule;
				SWIFT_OPTIMIZATION_LEVEL = "-O";
				VALIDATE_PRODUCT = YES;
			};
			name = Release;
		};
		5D87B98F287C350700C1403A /* Debug */ = {
			isa = XCBuildConfiguration;
			buildSettings = {
				ASSETCATALOG_COMPILER_APPICON_NAME = AppIcon;
				ASSETCATALOG_COMPILER_GLOBAL_ACCENT_COLOR_NAME = AccentColor;
				CODE_SIGN_STYLE = Automatic;
				CURRENT_PROJECT_VERSION = 1;
				GENERATE_INFOPLIST_FILE = YES;
				INFOPLIST_FILE = Reminder/Info.plist;
				INFOPLIST_KEY_UIApplicationSupportsIndirectInputEvents = YES;
				INFOPLIST_KEY_UILaunchStoryboardName = LaunchScreen;
				INFOPLIST_KEY_UIMainStoryboardFile = Main;
				INFOPLIST_KEY_UISupportedInterfaceOrientations_iPad = "UIInterfaceOrientationPortrait UIInterfaceOrientationPortraitUpsideDown UIInterfaceOrientationLandscapeLeft UIInterfaceOrientationLandscapeRight";
				INFOPLIST_KEY_UISupportedInterfaceOrientations_iPhone = "UIInterfaceOrientationPortrait UIInterfaceOrientationLandscapeLeft UIInterfaceOrientationLandscapeRight";
				LD_RUNPATH_SEARCH_PATHS = (
					"$(inherited)",
					"@executable_path/Frameworks",
				);
				MARKETING_VERSION = 1.0;
				PRODUCT_BUNDLE_IDENTIFIER = NaviCodesForFun.Reminder;
				PRODUCT_NAME = "$(TARGET_NAME)";
				SWIFT_EMIT_LOC_STRINGS = YES;
				SWIFT_VERSION = 5.0;
				TARGETED_DEVICE_FAMILY = "1,2";
			};
			name = Debug;
		};
		5D87B990287C350700C1403A /* Release */ = {
			isa = XCBuildConfiguration;
			buildSettings = {
				ASSETCATALOG_COMPILER_APPICON_NAME = AppIcon;
				ASSETCATALOG_COMPILER_GLOBAL_ACCENT_COLOR_NAME = AccentColor;
				CODE_SIGN_STYLE = Automatic;
				CURRENT_PROJECT_VERSION = 1;
				GENERATE_INFOPLIST_FILE = YES;
				INFOPLIST_FILE = Reminder/Info.plist;
				INFOPLIST_KEY_UIApplicationSupportsIndirectInputEvents = YES;
				INFOPLIST_KEY_UILaunchStoryboardName = LaunchScreen;
				INFOPLIST_KEY_UIMainStoryboardFile = Main;
				INFOPLIST_KEY_UISupportedInterfaceOrientations_iPad = "UIInterfaceOrientationPortrait UIInterfaceOrientationPortraitUpsideDown UIInterfaceOrientationLandscapeLeft UIInterfaceOrientationLandscapeRight";
				INFOPLIST_KEY_UISupportedInterfaceOrientations_iPhone = "UIInterfaceOrientationPortrait UIInterfaceOrientationLandscapeLeft UIInterfaceOrientationLandscapeRight";
				LD_RUNPATH_SEARCH_PATHS = (
					"$(inherited)",
					"@executable_path/Frameworks",
				);
				MARKETING_VERSION = 1.0;
				PRODUCT_BUNDLE_IDENTIFIER = NaviCodesForFun.Reminder;
				PRODUCT_NAME = "$(TARGET_NAME)";
				SWIFT_EMIT_LOC_STRINGS = YES;
				SWIFT_VERSION = 5.0;
				TARGETED_DEVICE_FAMILY = "1,2";
			};
			name = Release;
		};
/* End XCBuildConfiguration section */

/* Begin XCConfigurationList section */
		5D87B975287C350400C1403A /* Build configuration list for PBXProject "Reminder" */ = {
			isa = XCConfigurationList;
			buildConfigurations = (
				5D87B98C287C350700C1403A /* Debug */,
				5D87B98D287C350700C1403A /* Release */,
			);
			defaultConfigurationIsVisible = 0;
			defaultConfigurationName = Release;
		};
		5D87B98E287C350700C1403A /* Build configuration list for PBXNativeTarget "Reminder" */ = {
			isa = XCConfigurationList;
			buildConfigurations = (
				5D87B98F287C350700C1403A /* Debug */,
				5D87B990287C350700C1403A /* Release */,
			);
			defaultConfigurationIsVisible = 0;
			defaultConfigurationName = Release;
		};
/* End XCConfigurationList section */

/* Begin XCVersionGroup section */
		5DDB2584287D2E7000F81B63 /* ReminderEntity.xcdatamodeld */ = {
			isa = XCVersionGroup;
			children = (
				5DDB2585287D2E7000F81B63 /* ReminderDataModel.xcdatamodel */,
			);
			currentVersion = 5DDB2585287D2E7000F81B63 /* ReminderDataModel.xcdatamodel */;
			path = ReminderEntity.xcdatamodeld;
			sourceTree = "<group>";
			versionGroupType = wrapper.xcdatamodel;
		};
/* End XCVersionGroup section */
	};
	rootObject = 5D87B972287C350400C1403A /* Project object */;
}
